{
  "name": "pareto-async-functions-lib",
  "version": "0.12.0",
  "lockfileVersion": 2,
  "requires": true,
  "packages": {
    "": {
      "name": "pareto-async-functions-lib",
      "version": "0.12.0",
      "license": "ISC",
      "dependencies": {
        "pareto-api-core": "^0.1.0",
        "pareto-async-functions-api": "^0.9.0",
        "pareto-lib-core": "^0.5.0",
        "pareto-runtime": "^0.25.0"
      }
    },
    "node_modules/pareto-api-core": {
      "version": "0.1.0",
      "resolved": "https://registry.npmjs.org/pareto-api-core/-/pareto-api-core-0.1.0.tgz",
      "integrity": "sha512-n62sy/20fJxEbHwWmrM7uMQiWETS/mIKqcJfxxA2EzxRIhvmsOFDJr4eaB3L4WgDsi9j9AVVddYCqolmpvjEBQ=="
    },
    "node_modules/pareto-async-functions-api": {
      "version": "0.9.0",
      "resolved": "https://registry.npmjs.org/pareto-async-functions-api/-/pareto-async-functions-api-0.9.0.tgz",
      "integrity": "sha512-5GF7qYH4IbsBGp/y0N7TI/85NNuave5z0kLMCCa9S6bWpEJszSzAxdbY45C/Rf2OkOH4lk3H7R0b9Xl7EJZD1Q==",
      "dependencies": {
        "pareto-api-core": "^0.1.0"
      }
    },
    "node_modules/pareto-lib-core": {
      "version": "0.5.0",
      "resolved": "https://registry.npmjs.org/pareto-lib-core/-/pareto-lib-core-0.5.0.tgz",
      "integrity": "sha512-x2N4N+qOj7l/FdOiOUVQ4H90tHpp5fAr7mKtip4BQrffA+nnuPwmYz0GaYP61sIMyWzTevRfiVJSPhJang5Adg==",
      "dependencies": {
        "pareto-api-core": "^0.1.0"
      }
    },
    "node_modules/pareto-runtime": {
      "version": "0.25.0",
      "resolved": "https://registry.npmjs.org/pareto-runtime/-/pareto-runtime-0.25.0.tgz",
      "integrity": "sha512-e4Zn2o+ZcMb5vndFkDC46Z68zuzjS9IV1hiCnFmLxhWHb95igHCQ317JIBHOHexNvGbWmM1pVGcuNx6OvT+zyQ==",
      "dependencies": {
        "pareto-api-core": "^0.1.0"
      }
    }
  },
  "dependencies": {
    "pareto-api-core": {
      "version": "0.1.0",
      "resolved": "https://registry.npmjs.org/pareto-api-core/-/pareto-api-core-0.1.0.tgz",
      "integrity": "sha512-n62sy/20fJxEbHwWmrM7uMQiWETS/mIKqcJfxxA2EzxRIhvmsOFDJr4eaB3L4WgDsi9j9AVVddYCqolmpvjEBQ=="
    },
    "pareto-async-functions-api": {
      "version": "0.9.0",
      "resolved": "https://registry.npmjs.org/pareto-async-functions-api/-/pareto-async-functions-api-0.9.0.tgz",
      "integrity": "sha512-5GF7qYH4IbsBGp/y0N7TI/85NNuave5z0kLMCCa9S6bWpEJszSzAxdbY45C/Rf2OkOH4lk3H7R0b9Xl7EJZD1Q==",
      "requires": {
        "pareto-api-core": "^0.1.0"
      }
    },
    "pareto-lib-core": {
      "version": "0.5.0",
      "resolved": "https://registry.npmjs.org/pareto-lib-core/-/pareto-lib-core-0.5.0.tgz",
      "integrity": "sha512-x2N4N+qOj7l/FdOiOUVQ4H90tHpp5fAr7mKtip4BQrffA+nnuPwmYz0GaYP61sIMyWzTevRfiVJSPhJang5Adg==",
      "requires": {
        "pareto-api-core": "^0.1.0"
      }
    },
    "pareto-runtime": {
      "version": "0.25.0",
      "resolved": "https://registry.npmjs.org/pareto-runtime/-/pareto-runtime-0.25.0.tgz",
      "integrity": "sha512-e4Zn2o+ZcMb5vndFkDC46Z68zuzjS9IV1hiCnFmLxhWHb95igHCQ317JIBHOHexNvGbWmM1pVGcuNx6OvT+zyQ==",
      "requires": {
        "pareto-api-core": "^0.1.0"
      }
    }
  }
}
